
Microsoft Visual Studio Solution File, Format Version 11.00
# Visual Studio 2010
Project("{FAE04EC0-301F-11D3-BF4B-00C04F79EFBC}") = "Assembly-CSharp", "Assembly-CSharp.csproj", "{560FD896-948E-31E8-BCB1-9AAE252C3686}"
EndProject
Project("{FAE04EC0-301F-11D3-BF4B-00C04F79EFBC}") = "Assembly-CSharp-firstpass", "Assembly-CSharp-firstpass.csproj", "{2B933BA9-2732-907E-D780-1463420C852C}"
EndProject
Project("{FAE04EC0-301F-11D3-BF4B-00C04F79EFBC}") = "Assembly-CSharp-Editor", "Assembly-CSharp-Editor.csproj", "{DAE4FE52-B3C3-AA86-7BA8-F51B3C7CB16D}"
EndProject
Global
	GlobalSection(SolutionConfigurationPlatforms) = preSolution
		Debug|Any CPU = Debug|Any CPU
		Release|Any CPU = Release|Any CPU
	EndGlobalSection
	GlobalSection(ProjectConfigurationPlatforms) = postSolution
		{560FD896-948E-31E8-BCB1-9AAE252C3686}.Debug|Any CPU.ActiveCfg = Debug|Any CPU
		{560FD896-948E-31E8-BCB1-9AAE252C3686}.Debug|Any CPU.Build.0 = Debug|Any CPU
		{560FD896-948E-31E8-BCB1-9AAE252C3686}.Release|Any CPU.ActiveCfg = Release|Any CPU
		{560FD896-948E-31E8-BCB1-9AAE252C3686}.Release|Any CPU.Build.0 = Release|Any CPU
		{2B933BA9-2732-907E-D780-1463420C852C}.Debug|Any CPU.ActiveCfg = Debug|Any CPU
		{2B933BA9-2732-907E-D780-1463420C852C}.Debug|Any CPU.Build.0 = Debug|Any CPU
		{2B933BA9-2732-907E-D780-1463420C852C}.Release|Any CPU.ActiveCfg = Release|Any CPU
		{2B933BA9-2732-907E-D780-1463420C852C}.Release|Any CPU.Build.0 = Release|Any CPU
		{DAE4FE52-B3C3-AA86-7BA8-F51B3C7CB16D}.Debug|Any CPU.ActiveCfg = Debug|Any CPU
		{DAE4FE52-B3C3-AA86-7BA8-F51B3C7CB16D}.Debug|Any CPU.Build.0 = Debug|Any CPU
		{DAE4FE52-B3C3-AA86-7BA8-F51B3C7CB16D}.Release|Any CPU.ActiveCfg = Release|Any CPU
		{DAE4FE52-B3C3-AA86-7BA8-F51B3C7CB16D}.Release|Any CPU.Build.0 = Release|Any CPU
	EndGlobalSection
	GlobalSection(SolutionProperties) = preSolution
		HideSolutionNode = FALSE
	EndGlobalSection
EndGlobal
